// !$*UTF8*$!
{
	archiveVersion = 1;
	classes = {
	};
	objectVersion = 55;
	objects = {

/* Begin PBXBuildFile section */
		C900F553285F8A3700FDEF72 /* XCTestCase+MemoryLeakTracking.swift in Sources */ = {isa = PBXBuildFile; fileRef = C900F552285F8A3700FDEF72 /* XCTestCase+MemoryLeakTracking.swift */; };
		C900F555285F8E8100FDEF72 /* URLSessionHTTPClient.swift in Sources */ = {isa = PBXBuildFile; fileRef = C900F554285F8E8100FDEF72 /* URLSessionHTTPClient.swift */; };
		C93DA9332847AC6200E7071F /* EssentialFeed.framework in Frameworks */ = {isa = PBXBuildFile; fileRef = C93DA92A2847AC6200E7071F /* EssentialFeed.framework */; };
		C93DA9392847AC6200E7071F /* EssentialFeed.h in Headers */ = {isa = PBXBuildFile; fileRef = C93DA92D2847AC6200E7071F /* EssentialFeed.h */; settings = {ATTRIBUTES = (Public, ); }; };
		C93DA9432847AC6A00E7071F /* FeedItem.swift in Sources */ = {isa = PBXBuildFile; fileRef = C93DA9422847AC6A00E7071F /* FeedItem.swift */; };
		C93DA9452847ACB300E7071F /* FeedLoader.swift in Sources */ = {isa = PBXBuildFile; fileRef = C93DA9442847ACB300E7071F /* FeedLoader.swift */; };
		C9A0B4FC284AFCD4001E9DD5 /* LoadFeedFromRemoteUseCaseTests.swift in Sources */ = {isa = PBXBuildFile; fileRef = C9A0B4FB284AFCD4001E9DD5 /* LoadFeedFromRemoteUseCaseTests.swift */; };
		C9A141942855E02100E0AD68 /* HTTPClient.swift in Sources */ = {isa = PBXBuildFile; fileRef = C9A141932855E02100E0AD68 /* HTTPClient.swift */; };
		C9A141962855E0BE00E0AD68 /* FeedItemsMapper.swift in Sources */ = {isa = PBXBuildFile; fileRef = C9A141952855E0BE00E0AD68 /* FeedItemsMapper.swift */; };
		C9AFDF93285A38E200493F55 /* URLSessionHTTPClientTests.swift in Sources */ = {isa = PBXBuildFile; fileRef = C9AFDF92285A38E200493F55 /* URLSessionHTTPClientTests.swift */; };
		C9B932D12863685200BD9C27 /* EssentialFeedAPIEndToEndTest.swift in Sources */ = {isa = PBXBuildFile; fileRef = C9B932D02863685200BD9C27 /* EssentialFeedAPIEndToEndTest.swift */; };
		C9B932D22863685200BD9C27 /* EssentialFeed.framework in Frameworks */ = {isa = PBXBuildFile; fileRef = C93DA92A2847AC6200E7071F /* EssentialFeed.framework */; };
		C9B932D8286369AB00BD9C27 /* XCTestCase+MemoryLeakTracking.swift in Sources */ = {isa = PBXBuildFile; fileRef = C900F552285F8A3700FDEF72 /* XCTestCase+MemoryLeakTracking.swift */; };
		C9C06F58284CE0CB004C98B1 /* RemoteFeedLoader.swift in Sources */ = {isa = PBXBuildFile; fileRef = C9C06F57284CE0CB004C98B1 /* RemoteFeedLoader.swift */; };
		C9C1EFFB2875C53200B574C6 /* CacheFeedUseCaseTests.swift in Sources */ = {isa = PBXBuildFile; fileRef = C9C1EFFA2875C53200B574C6 /* CacheFeedUseCaseTests.swift */; };
		C9D13C282890E53F00241FD1 /* LocalFeedLoader.swift in Sources */ = {isa = PBXBuildFile; fileRef = C9D13C272890E53F00241FD1 /* LocalFeedLoader.swift */; };
		C9D13C2A2890E5C600241FD1 /* FeedStore.swift in Sources */ = {isa = PBXBuildFile; fileRef = C9D13C292890E5C600241FD1 /* FeedStore.swift */; };
		C9DEA549289245A200347470 /* RemoteFeedItem.swift in Sources */ = {isa = PBXBuildFile; fileRef = C9DEA548289245A200347470 /* RemoteFeedItem.swift */; };
		C9DEA54B289245DC00347470 /* LocalFeedItem.swift in Sources */ = {isa = PBXBuildFile; fileRef = C9DEA54A289245DC00347470 /* LocalFeedItem.swift */; };
/* End PBXBuildFile section */

/* Begin PBXContainerItemProxy section */
		C93DA9342847AC6200E7071F /* PBXContainerItemProxy */ = {
			isa = PBXContainerItemProxy;
			containerPortal = C93DA9212847AC6200E7071F /* Project object */;
			proxyType = 1;
			remoteGlobalIDString = C93DA9292847AC6200E7071F;
			remoteInfo = EssentialFeed;
		};
		C9B932D32863685200BD9C27 /* PBXContainerItemProxy */ = {
			isa = PBXContainerItemProxy;
			containerPortal = C93DA9212847AC6200E7071F /* Project object */;
			proxyType = 1;
			remoteGlobalIDString = C93DA9292847AC6200E7071F;
			remoteInfo = EssentialFeed;
		};
/* End PBXContainerItemProxy section */

/* Begin PBXFileReference section */
		C900F552285F8A3700FDEF72 /* XCTestCase+MemoryLeakTracking.swift */ = {isa = PBXFileReference; lastKnownFileType = sourcecode.swift; path = "XCTestCase+MemoryLeakTracking.swift"; sourceTree = "<group>"; };
		C900F554285F8E8100FDEF72 /* URLSessionHTTPClient.swift */ = {isa = PBXFileReference; lastKnownFileType = sourcecode.swift; path = URLSessionHTTPClient.swift; sourceTree = "<group>"; };
		C93DA92A2847AC6200E7071F /* EssentialFeed.framework */ = {isa = PBXFileReference; explicitFileType = wrapper.framework; includeInIndex = 0; path = EssentialFeed.framework; sourceTree = BUILT_PRODUCTS_DIR; };
		C93DA92D2847AC6200E7071F /* EssentialFeed.h */ = {isa = PBXFileReference; lastKnownFileType = sourcecode.c.h; path = EssentialFeed.h; sourceTree = "<group>"; };
		C93DA9322847AC6200E7071F /* EssentialFeedTests.xctest */ = {isa = PBXFileReference; explicitFileType = wrapper.cfbundle; includeInIndex = 0; path = EssentialFeedTests.xctest; sourceTree = BUILT_PRODUCTS_DIR; };
		C93DA9422847AC6A00E7071F /* FeedItem.swift */ = {isa = PBXFileReference; lastKnownFileType = sourcecode.swift; path = FeedItem.swift; sourceTree = "<group>"; };
		C93DA9442847ACB300E7071F /* FeedLoader.swift */ = {isa = PBXFileReference; lastKnownFileType = sourcecode.swift; path = FeedLoader.swift; sourceTree = "<group>"; };
		C9A0B4FB284AFCD4001E9DD5 /* LoadFeedFromRemoteUseCaseTests.swift */ = {isa = PBXFileReference; lastKnownFileType = sourcecode.swift; path = LoadFeedFromRemoteUseCaseTests.swift; sourceTree = "<group>"; };
		C9A141932855E02100E0AD68 /* HTTPClient.swift */ = {isa = PBXFileReference; lastKnownFileType = sourcecode.swift; path = HTTPClient.swift; sourceTree = "<group>"; };
		C9A141952855E0BE00E0AD68 /* FeedItemsMapper.swift */ = {isa = PBXFileReference; lastKnownFileType = sourcecode.swift; path = FeedItemsMapper.swift; sourceTree = "<group>"; };
		C9AFDF92285A38E200493F55 /* URLSessionHTTPClientTests.swift */ = {isa = PBXFileReference; lastKnownFileType = sourcecode.swift; path = URLSessionHTTPClientTests.swift; sourceTree = "<group>"; };
		C9B932CE2863685200BD9C27 /* EssentialFeedAPIEndToEndTest.xctest */ = {isa = PBXFileReference; explicitFileType = wrapper.cfbundle; includeInIndex = 0; path = EssentialFeedAPIEndToEndTest.xctest; sourceTree = BUILT_PRODUCTS_DIR; };
		C9B932D02863685200BD9C27 /* EssentialFeedAPIEndToEndTest.swift */ = {isa = PBXFileReference; lastKnownFileType = sourcecode.swift; path = EssentialFeedAPIEndToEndTest.swift; sourceTree = "<group>"; };
		C9C06F57284CE0CB004C98B1 /* RemoteFeedLoader.swift */ = {isa = PBXFileReference; lastKnownFileType = sourcecode.swift; path = RemoteFeedLoader.swift; sourceTree = "<group>"; };
		C9C1EFFA2875C53200B574C6 /* CacheFeedUseCaseTests.swift */ = {isa = PBXFileReference; lastKnownFileType = sourcecode.swift; path = CacheFeedUseCaseTests.swift; sourceTree = "<group>"; };
		C9D13C272890E53F00241FD1 /* LocalFeedLoader.swift */ = {isa = PBXFileReference; lastKnownFileType = sourcecode.swift; path = LocalFeedLoader.swift; sourceTree = "<group>"; };
		C9D13C292890E5C600241FD1 /* FeedStore.swift */ = {isa = PBXFileReference; lastKnownFileType = sourcecode.swift; path = FeedStore.swift; sourceTree = "<group>"; };
		C9DEA548289245A200347470 /* RemoteFeedItem.swift */ = {isa = PBXFileReference; lastKnownFileType = sourcecode.swift; path = RemoteFeedItem.swift; sourceTree = "<group>"; };
		C9DEA54A289245DC00347470 /* LocalFeedItem.swift */ = {isa = PBXFileReference; lastKnownFileType = sourcecode.swift; path = LocalFeedItem.swift; sourceTree = "<group>"; };
/* End PBXFileReference section */

/* Begin PBXFrameworksBuildPhase section */
		C93DA9272847AC6200E7071F /* Frameworks */ = {
			isa = PBXFrameworksBuildPhase;
			buildActionMask = 2147483647;
			files = (
			);
			runOnlyForDeploymentPostprocessing = 0;
		};
		C93DA92F2847AC6200E7071F /* Frameworks */ = {
			isa = PBXFrameworksBuildPhase;
			buildActionMask = 2147483647;
			files = (
				C93DA9332847AC6200E7071F /* EssentialFeed.framework in Frameworks */,
			);
			runOnlyForDeploymentPostprocessing = 0;
		};
		C9B932CB2863685200BD9C27 /* Frameworks */ = {
			isa = PBXFrameworksBuildPhase;
			buildActionMask = 2147483647;
			files = (
				C9B932D22863685200BD9C27 /* EssentialFeed.framework in Frameworks */,
			);
			runOnlyForDeploymentPostprocessing = 0;
		};
/* End PBXFrameworksBuildPhase section */

/* Begin PBXGroup section */
		C900F551285F8A1000FDEF72 /* Helpers */ = {
			isa = PBXGroup;
			children = (
				C900F552285F8A3700FDEF72 /* XCTestCase+MemoryLeakTracking.swift */,
			);
			path = Helpers;
			sourceTree = "<group>";
		};
		C93DA9202847AC6200E7071F = {
			isa = PBXGroup;
			children = (
				C93DA92C2847AC6200E7071F /* EssentialFeed */,
				C93DA9362847AC6200E7071F /* EssentialFeedTests */,
				C9B932CF2863685200BD9C27 /* EssentialFeedAPIEndToEndTest */,
				C93DA92B2847AC6200E7071F /* Products */,
			);
			sourceTree = "<group>";
		};
		C93DA92B2847AC6200E7071F /* Products */ = {
			isa = PBXGroup;
			children = (
				C93DA92A2847AC6200E7071F /* EssentialFeed.framework */,
				C93DA9322847AC6200E7071F /* EssentialFeedTests.xctest */,
				C9B932CE2863685200BD9C27 /* EssentialFeedAPIEndToEndTest.xctest */,
			);
			name = Products;
			sourceTree = "<group>";
		};
		C93DA92C2847AC6200E7071F /* EssentialFeed */ = {
			isa = PBXGroup;
			children = (
				C93DA92D2847AC6200E7071F /* EssentialFeed.h */,
				C9C06F56284CE0BF004C98B1 /* Feed API */,
				C93DA9462847AD5600E7071F /* Feed Feature */,
				C9D13C262890E52900241FD1 /* Feed Cache */,
			);
			path = EssentialFeed;
			sourceTree = "<group>";
		};
		C93DA9362847AC6200E7071F /* EssentialFeedTests */ = {
			isa = PBXGroup;
			children = (
				C900F551285F8A1000FDEF72 /* Helpers */,
				C9C1EFF92875C51300B574C6 /* Feed Cache */,
				C9C1EFFC2875C72300B574C6 /* Feed API */,
			);
			path = EssentialFeedTests;
			sourceTree = "<group>";
		};
		C93DA9462847AD5600E7071F /* Feed Feature */ = {
			isa = PBXGroup;
			children = (
				C93DA9422847AC6A00E7071F /* FeedItem.swift */,
				C93DA9442847ACB300E7071F /* FeedLoader.swift */,
			);
			path = "Feed Feature";
			sourceTree = "<group>";
		};
		C9B932CF2863685200BD9C27 /* EssentialFeedAPIEndToEndTest */ = {
			isa = PBXGroup;
			children = (
				C9B932D02863685200BD9C27 /* EssentialFeedAPIEndToEndTest.swift */,
			);
			path = EssentialFeedAPIEndToEndTest;
			sourceTree = "<group>";
		};
		C9C06F56284CE0BF004C98B1 /* Feed API */ = {
			isa = PBXGroup;
			children = (
				C9C06F57284CE0CB004C98B1 /* RemoteFeedLoader.swift */,
				C9A141932855E02100E0AD68 /* HTTPClient.swift */,
				C9A141952855E0BE00E0AD68 /* FeedItemsMapper.swift */,
				C900F554285F8E8100FDEF72 /* URLSessionHTTPClient.swift */,
				C9DEA548289245A200347470 /* RemoteFeedItem.swift */,
			);
			path = "Feed API";
			sourceTree = "<group>";
		};
		C9C1EFF92875C51300B574C6 /* Feed Cache */ = {
			isa = PBXGroup;
			children = (
				C9C1EFFA2875C53200B574C6 /* CacheFeedUseCaseTests.swift */,
			);
			path = "Feed Cache";
			sourceTree = "<group>";
		};
		C9C1EFFC2875C72300B574C6 /* Feed API */ = {
			isa = PBXGroup;
			children = (
				C9AFDF92285A38E200493F55 /* URLSessionHTTPClientTests.swift */,
				C9A0B4FB284AFCD4001E9DD5 /* LoadFeedFromRemoteUseCaseTests.swift */,
			);
			path = "Feed API";
			sourceTree = "<group>";
		};
		C9D13C262890E52900241FD1 /* Feed Cache */ = {
			isa = PBXGroup;
			children = (
				C9D13C272890E53F00241FD1 /* LocalFeedLoader.swift */,
				C9D13C292890E5C600241FD1 /* FeedStore.swift */,
				C9DEA54A289245DC00347470 /* LocalFeedItem.swift */,
			);
			path = "Feed Cache";
			sourceTree = "<group>";
		};
/* End PBXGroup section */

/* Begin PBXHeadersBuildPhase section */
		C93DA9252847AC6200E7071F /* Headers */ = {
			isa = PBXHeadersBuildPhase;
			buildActionMask = 2147483647;
			files = (
				C93DA9392847AC6200E7071F /* EssentialFeed.h in Headers */,
			);
			runOnlyForDeploymentPostprocessing = 0;
		};
/* End PBXHeadersBuildPhase section */

/* Begin PBXNativeTarget section */
		C93DA9292847AC6200E7071F /* EssentialFeed */ = {
			isa = PBXNativeTarget;
			buildConfigurationList = C93DA93C2847AC6200E7071F /* Build configuration list for PBXNativeTarget "EssentialFeed" */;
			buildPhases = (
				C93DA9252847AC6200E7071F /* Headers */,
				C93DA9262847AC6200E7071F /* Sources */,
				C93DA9272847AC6200E7071F /* Frameworks */,
				C93DA9282847AC6200E7071F /* Resources */,
			);
			buildRules = (
			);
			dependencies = (
			);
			name = EssentialFeed;
			productName = EssentialFeed;
			productReference = C93DA92A2847AC6200E7071F /* EssentialFeed.framework */;
			productType = "com.apple.product-type.framework";
		};
		C93DA9312847AC6200E7071F /* EssentialFeedTests */ = {
			isa = PBXNativeTarget;
			buildConfigurationList = C93DA93F2847AC6200E7071F /* Build configuration list for PBXNativeTarget "EssentialFeedTests" */;
			buildPhases = (
				C93DA92E2847AC6200E7071F /* Sources */,
				C93DA92F2847AC6200E7071F /* Frameworks */,
				C93DA9302847AC6200E7071F /* Resources */,
			);
			buildRules = (
			);
			dependencies = (
				C93DA9352847AC6200E7071F /* PBXTargetDependency */,
			);
			name = EssentialFeedTests;
			productName = EssentialFeedTests;
			productReference = C93DA9322847AC6200E7071F /* EssentialFeedTests.xctest */;
			productType = "com.apple.product-type.bundle.unit-test";
		};
		C9B932CD2863685200BD9C27 /* EssentialFeedAPIEndToEndTest */ = {
			isa = PBXNativeTarget;
			buildConfigurationList = C9B932D72863685200BD9C27 /* Build configuration list for PBXNativeTarget "EssentialFeedAPIEndToEndTest" */;
			buildPhases = (
				C9B932CA2863685200BD9C27 /* Sources */,
				C9B932CB2863685200BD9C27 /* Frameworks */,
				C9B932CC2863685200BD9C27 /* Resources */,
			);
			buildRules = (
			);
			dependencies = (
				C9B932D42863685200BD9C27 /* PBXTargetDependency */,
			);
			name = EssentialFeedAPIEndToEndTest;
			productName = EssentialFeedAPIEndToEndTest;
			productReference = C9B932CE2863685200BD9C27 /* EssentialFeedAPIEndToEndTest.xctest */;
			productType = "com.apple.product-type.bundle.unit-test";
		};
/* End PBXNativeTarget section */

/* Begin PBXProject section */
		C93DA9212847AC6200E7071F /* Project object */ = {
			isa = PBXProject;
			attributes = {
				BuildIndependentTargetsInParallel = 1;
				LastSwiftUpdateCheck = 1340;
				LastUpgradeCheck = 1340;
				TargetAttributes = {
					C93DA9292847AC6200E7071F = {
						CreatedOnToolsVersion = 13.4;
						LastSwiftMigration = 1340;
					};
					C93DA9312847AC6200E7071F = {
						CreatedOnToolsVersion = 13.4;
					};
					C9B932CD2863685200BD9C27 = {
						CreatedOnToolsVersion = 13.4.1;
					};
				};
			};
			buildConfigurationList = C93DA9242847AC6200E7071F /* Build configuration list for PBXProject "EssentialFeed" */;
			compatibilityVersion = "Xcode 13.0";
			developmentRegion = en;
			hasScannedForEncodings = 0;
			knownRegions = (
				en,
				Base,
			);
			mainGroup = C93DA9202847AC6200E7071F;
			productRefGroup = C93DA92B2847AC6200E7071F /* Products */;
			projectDirPath = "";
			projectRoot = "";
			targets = (
				C93DA9292847AC6200E7071F /* EssentialFeed */,
				C93DA9312847AC6200E7071F /* EssentialFeedTests */,
				C9B932CD2863685200BD9C27 /* EssentialFeedAPIEndToEndTest */,
			);
		};
/* End PBXProject section */

/* Begin PBXResourcesBuildPhase section */
		C93DA9282847AC6200E7071F /* Resources */ = {
			isa = PBXResourcesBuildPhase;
			buildActionMask = 2147483647;
			files = (
			);
			runOnlyForDeploymentPostprocessing = 0;
		};
		C93DA9302847AC6200E7071F /* Resources */ = {
			isa = PBXResourcesBuildPhase;
			buildActionMask = 2147483647;
			files = (
			);
			runOnlyForDeploymentPostprocessing = 0;
		};
		C9B932CC2863685200BD9C27 /* Resources */ = {
			isa = PBXResourcesBuildPhase;
			buildActionMask = 2147483647;
			files = (
			);
			runOnlyForDeploymentPostprocessing = 0;
		};
/* End PBXResourcesBuildPhase section */

/* Begin PBXSourcesBuildPhase section */
		C93DA9262847AC6200E7071F /* Sources */ = {
			isa = PBXSourcesBuildPhase;
			buildActionMask = 2147483647;
			files = (
				C9A141962855E0BE00E0AD68 /* FeedItemsMapper.swift in Sources */,
				C93DA9452847ACB300E7071F /* FeedLoader.swift in Sources */,
				C9DEA549289245A200347470 /* RemoteFeedItem.swift in Sources */,
				C9C06F58284CE0CB004C98B1 /* RemoteFeedLoader.swift in Sources */,
				C9DEA54B289245DC00347470 /* LocalFeedItem.swift in Sources */,
				C9D13C2A2890E5C600241FD1 /* FeedStore.swift in Sources */,
				C9D13C282890E53F00241FD1 /* LocalFeedLoader.swift in Sources */,
				C9A141942855E02100E0AD68 /* HTTPClient.swift in Sources */,
				C93DA9432847AC6A00E7071F /* FeedItem.swift in Sources */,
				C900F555285F8E8100FDEF72 /* URLSessionHTTPClient.swift in Sources */,
			);
			runOnlyForDeploymentPostprocessing = 0;
		};
		C93DA92E2847AC6200E7071F /* Sources */ = {
			isa = PBXSourcesBuildPhase;
			buildActionMask = 2147483647;
			files = (
				C9A0B4FC284AFCD4001E9DD5 /* LoadFeedFromRemoteUseCaseTests.swift in Sources */,
				C9AFDF93285A38E200493F55 /* URLSessionHTTPClientTests.swift in Sources */,
				C9C1EFFB2875C53200B574C6 /* CacheFeedUseCaseTests.swift in Sources */,
				C900F553285F8A3700FDEF72 /* XCTestCase+MemoryLeakTracking.swift in Sources */,
			);
			runOnlyForDeploymentPostprocessing = 0;
		};
		C9B932CA2863685200BD9C27 /* Sources */ = {
			isa = PBXSourcesBuildPhase;
			buildActionMask = 2147483647;
			files = (
				C9B932D12863685200BD9C27 /* EssentialFeedAPIEndToEndTest.swift in Sources */,
				C9B932D8286369AB00BD9C27 /* XCTestCase+MemoryLeakTracking.swift in Sources */,
			);
			runOnlyForDeploymentPostprocessing = 0;
		};
/* End PBXSourcesBuildPhase section */

/* Begin PBXTargetDependency section */
		C93DA9352847AC6200E7071F /* PBXTargetDependency */ = {
			isa = PBXTargetDependency;
			target = C93DA9292847AC6200E7071F /* EssentialFeed */;
			targetProxy = C93DA9342847AC6200E7071F /* PBXContainerItemProxy */;
		};
		C9B932D42863685200BD9C27 /* PBXTargetDependency */ = {
			isa = PBXTargetDependency;
			target = C93DA9292847AC6200E7071F /* EssentialFeed */;
			targetProxy = C9B932D32863685200BD9C27 /* PBXContainerItemProxy */;
		};
/* End PBXTargetDependency section */

/* Begin XCBuildConfiguration section */
		C93DA93A2847AC6200E7071F /* Debug */ = {
			isa = XCBuildConfiguration;
			buildSettings = {
				ALWAYS_SEARCH_USER_PATHS = NO;
				CLANG_ANALYZER_NONNULL = YES;
				CLANG_ANALYZER_NUMBER_OBJECT_CONVERSION = YES_AGGRESSIVE;
				CLANG_CXX_LANGUAGE_STANDARD = "gnu++17";
				CLANG_ENABLE_MODULES = YES;
				CLANG_ENABLE_OBJC_ARC = YES;
				CLANG_ENABLE_OBJC_WEAK = YES;
				CLANG_WARN_BLOCK_CAPTURE_AUTORELEASING = YES;
				CLANG_WARN_BOOL_CONVERSION = YES;
				CLANG_WARN_COMMA = YES;
				CLANG_WARN_CONSTANT_CONVERSION = YES;
				CLANG_WARN_DEPRECATED_OBJC_IMPLEMENTATIONS = YES;
				CLANG_WARN_DIRECT_OBJC_ISA_USAGE = YES_ERROR;
				CLANG_WARN_DOCUMENTATION_COMMENTS = YES;
				CLANG_WARN_EMPTY_BODY = YES;
				CLANG_WARN_ENUM_CONVERSION = YES;
				CLANG_WARN_INFINITE_RECURSION = YES;
				CLANG_WARN_INT_CONVERSION = YES;
				CLANG_WARN_NON_LITERAL_NULL_CONVERSION = YES;
				CLANG_WARN_OBJC_IMPLICIT_RETAIN_SELF = YES;
				CLANG_WARN_OBJC_LITERAL_CONVERSION = YES;
				CLANG_WARN_OBJC_ROOT_CLASS = YES_ERROR;
				CLANG_WARN_QUOTED_INCLUDE_IN_FRAMEWORK_HEADER = YES;
				CLANG_WARN_RANGE_LOOP_ANALYSIS = YES;
				CLANG_WARN_STRICT_PROTOTYPES = YES;
				CLANG_WARN_SUSPICIOUS_MOVE = YES;
				CLANG_WARN_UNGUARDED_AVAILABILITY = YES_AGGRESSIVE;
				CLANG_WARN_UNREACHABLE_CODE = YES;
				CLANG_WARN__DUPLICATE_METHOD_MATCH = YES;
				COPY_PHASE_STRIP = NO;
				CURRENT_PROJECT_VERSION = 1;
				DEBUG_INFORMATION_FORMAT = dwarf;
				ENABLE_STRICT_OBJC_MSGSEND = YES;
				ENABLE_TESTABILITY = YES;
				GCC_C_LANGUAGE_STANDARD = gnu11;
				GCC_DYNAMIC_NO_PIC = NO;
				GCC_NO_COMMON_BLOCKS = YES;
				GCC_OPTIMIZATION_LEVEL = 0;
				GCC_PREPROCESSOR_DEFINITIONS = (
					"DEBUG=1",
					"$(inherited)",
				);
				GCC_WARN_64_TO_32_BIT_CONVERSION = YES;
				GCC_WARN_ABOUT_RETURN_TYPE = YES_ERROR;
				GCC_WARN_UNDECLARED_SELECTOR = YES;
				GCC_WARN_UNINITIALIZED_AUTOS = YES_AGGRESSIVE;
				GCC_WARN_UNUSED_FUNCTION = YES;
				GCC_WARN_UNUSED_VARIABLE = YES;
				MACOSX_DEPLOYMENT_TARGET = 12.3;
				MTL_ENABLE_DEBUG_INFO = INCLUDE_SOURCE;
				MTL_FAST_MATH = YES;
				ONLY_ACTIVE_ARCH = YES;
				SDKROOT = macosx;
				SWIFT_ACTIVE_COMPILATION_CONDITIONS = DEBUG;
				SWIFT_OPTIMIZATION_LEVEL = "-Onone";
				VERSIONING_SYSTEM = "apple-generic";
				VERSION_INFO_PREFIX = "";
			};
			name = Debug;
		};
		C93DA93B2847AC6200E7071F /* Release */ = {
			isa = XCBuildConfiguration;
			buildSettings = {
				ALWAYS_SEARCH_USER_PATHS = NO;
				CLANG_ANALYZER_NONNULL = YES;
				CLANG_ANALYZER_NUMBER_OBJECT_CONVERSION = YES_AGGRESSIVE;
				CLANG_CXX_LANGUAGE_STANDARD = "gnu++17";
				CLANG_ENABLE_MODULES = YES;
				CLANG_ENABLE_OBJC_ARC = YES;
				CLANG_ENABLE_OBJC_WEAK = YES;
				CLANG_WARN_BLOCK_CAPTURE_AUTORELEASING = YES;
				CLANG_WARN_BOOL_CONVERSION = YES;
				CLANG_WARN_COMMA = YES;
				CLANG_WARN_CONSTANT_CONVERSION = YES;
				CLANG_WARN_DEPRECATED_OBJC_IMPLEMENTATIONS = YES;
				CLANG_WARN_DIRECT_OBJC_ISA_USAGE = YES_ERROR;
				CLANG_WARN_DOCUMENTATION_COMMENTS = YES;
				CLANG_WARN_EMPTY_BODY = YES;
				CLANG_WARN_ENUM_CONVERSION = YES;
				CLANG_WARN_INFINITE_RECURSION = YES;
				CLANG_WARN_INT_CONVERSION = YES;
				CLANG_WARN_NON_LITERAL_NULL_CONVERSION = YES;
				CLANG_WARN_OBJC_IMPLICIT_RETAIN_SELF = YES;
				CLANG_WARN_OBJC_LITERAL_CONVERSION = YES;
				CLANG_WARN_OBJC_ROOT_CLASS = YES_ERROR;
				CLANG_WARN_QUOTED_INCLUDE_IN_FRAMEWORK_HEADER = YES;
				CLANG_WARN_RANGE_LOOP_ANALYSIS = YES;
				CLANG_WARN_STRICT_PROTOTYPES = YES;
				CLANG_WARN_SUSPICIOUS_MOVE = YES;
				CLANG_WARN_UNGUARDED_AVAILABILITY = YES_AGGRESSIVE;
				CLANG_WARN_UNREACHABLE_CODE = YES;
				CLANG_WARN__DUPLICATE_METHOD_MATCH = YES;
				COPY_PHASE_STRIP = NO;
				CURRENT_PROJECT_VERSION = 1;
				DEBUG_INFORMATION_FORMAT = "dwarf-with-dsym";
				ENABLE_NS_ASSERTIONS = NO;
				ENABLE_STRICT_OBJC_MSGSEND = YES;
				GCC_C_LANGUAGE_STANDARD = gnu11;
				GCC_NO_COMMON_BLOCKS = YES;
				GCC_WARN_64_TO_32_BIT_CONVERSION = YES;
				GCC_WARN_ABOUT_RETURN_TYPE = YES_ERROR;
				GCC_WARN_UNDECLARED_SELECTOR = YES;
				GCC_WARN_UNINITIALIZED_AUTOS = YES_AGGRESSIVE;
				GCC_WARN_UNUSED_FUNCTION = YES;
				GCC_WARN_UNUSED_VARIABLE = YES;
				MACOSX_DEPLOYMENT_TARGET = 12.3;
				MTL_ENABLE_DEBUG_INFO = NO;
				MTL_FAST_MATH = YES;
				SDKROOT = macosx;
				SWIFT_COMPILATION_MODE = wholemodule;
				SWIFT_OPTIMIZATION_LEVEL = "-O";
				VERSIONING_SYSTEM = "apple-generic";
				VERSION_INFO_PREFIX = "";
			};
			name = Release;
		};
		C93DA93D2847AC6200E7071F /* Debug */ = {
			isa = XCBuildConfiguration;
			buildSettings = {
				CLANG_ENABLE_MODULES = YES;
				CODE_SIGN_STYLE = Automatic;
				COMBINE_HIDPI_IMAGES = YES;
				CURRENT_PROJECT_VERSION = 1;
				DEFINES_MODULE = YES;
				DEVELOPMENT_TEAM = BJQF9JJWDE;
				DYLIB_COMPATIBILITY_VERSION = 1;
				DYLIB_CURRENT_VERSION = 1;
				DYLIB_INSTALL_NAME_BASE = "@rpath";
				GENERATE_INFOPLIST_FILE = YES;
				INFOPLIST_KEY_NSHumanReadableCopyright = "";
				INSTALL_PATH = "$(LOCAL_LIBRARY_DIR)/Frameworks";
				LD_RUNPATH_SEARCH_PATHS = (
					"$(inherited)",
					"@executable_path/../Frameworks",
					"@loader_path/Frameworks",
				);
				MARKETING_VERSION = 1.0;
				PRODUCT_BUNDLE_IDENTIFIER = com.jlcs.EssentialFeed;
				PRODUCT_NAME = "$(TARGET_NAME:c99extidentifier)";
				SKIP_INSTALL = YES;
				SWIFT_EMIT_LOC_STRINGS = YES;
				SWIFT_OPTIMIZATION_LEVEL = "-Onone";
				SWIFT_VERSION = 5.0;
			};
			name = Debug;
		};
		C93DA93E2847AC6200E7071F /* Release */ = {
			isa = XCBuildConfiguration;
			buildSettings = {
				CLANG_ENABLE_MODULES = YES;
				CODE_SIGN_STYLE = Automatic;
				COMBINE_HIDPI_IMAGES = YES;
				CURRENT_PROJECT_VERSION = 1;
				DEFINES_MODULE = YES;
				DEVELOPMENT_TEAM = BJQF9JJWDE;
				DYLIB_COMPATIBILITY_VERSION = 1;
				DYLIB_CURRENT_VERSION = 1;
				DYLIB_INSTALL_NAME_BASE = "@rpath";
				GENERATE_INFOPLIST_FILE = YES;
				INFOPLIST_KEY_NSHumanReadableCopyright = "";
				INSTALL_PATH = "$(LOCAL_LIBRARY_DIR)/Frameworks";
				LD_RUNPATH_SEARCH_PATHS = (
					"$(inherited)",
					"@executable_path/../Frameworks",
					"@loader_path/Frameworks",
				);
				MARKETING_VERSION = 1.0;
				PRODUCT_BUNDLE_IDENTIFIER = com.jlcs.EssentialFeed;
				PRODUCT_NAME = "$(TARGET_NAME:c99extidentifier)";
				SKIP_INSTALL = YES;
				SWIFT_EMIT_LOC_STRINGS = YES;
				SWIFT_VERSION = 5.0;
			};
			name = Release;
		};
		C93DA9402847AC6200E7071F /* Debug */ = {
			isa = XCBuildConfiguration;
			buildSettings = {
				ALWAYS_EMBED_SWIFT_STANDARD_LIBRARIES = YES;
				CODE_SIGN_STYLE = Automatic;
				CURRENT_PROJECT_VERSION = 1;
				DEVELOPMENT_TEAM = BJQF9JJWDE;
				GENERATE_INFOPLIST_FILE = YES;
				MARKETING_VERSION = 1.0;
				PRODUCT_BUNDLE_IDENTIFIER = com.jlcs.EssentialFeedTests;
				PRODUCT_NAME = "$(TARGET_NAME)";
				SWIFT_EMIT_LOC_STRINGS = NO;
				SWIFT_VERSION = 5.0;
			};
			name = Debug;
		};
		C93DA9412847AC6200E7071F /* Release */ = {
			isa = XCBuildConfiguration;
			buildSettings = {
				ALWAYS_EMBED_SWIFT_STANDARD_LIBRARIES = YES;
				CODE_SIGN_STYLE = Automatic;
				CURRENT_PROJECT_VERSION = 1;
				DEVELOPMENT_TEAM = BJQF9JJWDE;
				GENERATE_INFOPLIST_FILE = YES;
				MARKETING_VERSION = 1.0;
				PRODUCT_BUNDLE_IDENTIFIER = com.jlcs.EssentialFeedTests;
				PRODUCT_NAME = "$(TARGET_NAME)";
				SWIFT_EMIT_LOC_STRINGS = NO;
				SWIFT_VERSION = 5.0;
			};
			name = Release;
		};
		C9B932D52863685200BD9C27 /* Debug */ = {
			isa = XCBuildConfiguration;
			buildSettings = {
				CODE_SIGN_STYLE = Automatic;
				CURRENT_PROJECT_VERSION = 1;
				DEVELOPMENT_TEAM = BJQF9JJWDE;
				GENERATE_INFOPLIST_FILE = YES;
				MARKETING_VERSION = 1.0;
				PRODUCT_BUNDLE_IDENTIFIER = com.jlcs.EssentialFeedAPIEndToEndTest;
				PRODUCT_NAME = "$(TARGET_NAME)";
				SWIFT_EMIT_LOC_STRINGS = NO;
				SWIFT_VERSION = 5.0;
			};
			name = Debug;
		};
		C9B932D62863685200BD9C27 /* Release */ = {
			isa = XCBuildConfiguration;
			buildSettings = {
				CODE_SIGN_STYLE = Automatic;
				CURRENT_PROJECT_VERSION = 1;
				DEVELOPMENT_TEAM = BJQF9JJWDE;
				GENERATE_INFOPLIST_FILE = YES;
				MARKETING_VERSION = 1.0;
				PRODUCT_BUNDLE_IDENTIFIER = com.jlcs.EssentialFeedAPIEndToEndTest;
				PRODUCT_NAME = "$(TARGET_NAME)";
				SWIFT_EMIT_LOC_STRINGS = NO;
				SWIFT_VERSION = 5.0;
			};
			name = Release;
		};
/* End XCBuildConfiguration section */

/* Begin XCConfigurationList section */
		C93DA9242847AC6200E7071F /* Build configuration list for PBXProject "EssentialFeed" */ = {
			isa = XCConfigurationList;
			buildConfigurations = (
				C93DA93A2847AC6200E7071F /* Debug */,
				C93DA93B2847AC6200E7071F /* Release */,
			);
			defaultConfigurationIsVisible = 0;
			defaultConfigurationName = Release;
		};
		C93DA93C2847AC6200E7071F /* Build configuration list for PBXNativeTarget "EssentialFeed" */ = {
			isa = XCConfigurationList;
			buildConfigurations = (
				C93DA93D2847AC6200E7071F /* Debug */,
				C93DA93E2847AC6200E7071F /* Release */,
			);
			defaultConfigurationIsVisible = 0;
			defaultConfigurationName = Release;
		};
		C93DA93F2847AC6200E7071F /* Build configuration list for PBXNativeTarget "EssentialFeedTests" */ = {
			isa = XCConfigurationList;
			buildConfigurations = (
				C93DA9402847AC6200E7071F /* Debug */,
				C93DA9412847AC6200E7071F /* Release */,
			);
			defaultConfigurationIsVisible = 0;
			defaultConfigurationName = Release;
		};
		C9B932D72863685200BD9C27 /* Build configuration list for PBXNativeTarget "EssentialFeedAPIEndToEndTest" */ = {
			isa = XCConfigurationList;
			buildConfigurations = (
				C9B932D52863685200BD9C27 /* Debug */,
				C9B932D62863685200BD9C27 /* Release */,
			);
			defaultConfigurationIsVisible = 0;
			defaultConfigurationName = Release;
		};
/* End XCConfigurationList section */
	};
	rootObject = C93DA9212847AC6200E7071F /* Project object */;
}
